[[package]]
name = "asgiref"
version = "3.4.1"
description = "ASGI specs, helper code, and adapters"
category = "main"
optional = false
python-versions = ">=3.6"

[package.extras]
tests = ["pytest", "pytest-asyncio", "mypy (>=0.800)"]

[[package]]
name = "django"
version = "3.2.8"
description = "A high-level Python Web framework that encourages rapid development and clean, pragmatic design."
category = "main"
optional = false
python-versions = ">=3.6"

[package.dependencies]
asgiref = ">=3.3.2,<4"
pytz = "*"
sqlparse = ">=0.2.2"

[package.extras]
argon2 = ["argon2-cffi (>=19.1.0)"]
bcrypt = ["bcrypt"]

[[package]]
name = "django-classy-tags"
version = "2.0.0"
description = "Class based template tags for Django"
category = "main"
optional = false
python-versions = "*"

[package.dependencies]
django = ">=2.2"

[[package]]
name = "django-cms"
version = "3.9.0"
description = "Lean enterprise content management powered by Django."
category = "main"
optional = false
python-versions = "*"

[package.dependencies]
Django = ">=2.2"
django-classy-tags = ">=0.7.2"
django-formtools = ">=2.1"
django-sekizai = ">=0.7"
django-treebeard = ">=4.3"
djangocms-admin-style = ">=1.2"

[[package]]
name = "django-formtools"
version = "2.3"
description = "A set of high-level abstractions for Django forms"
category = "main"
optional = false
python-versions = ">=3.6"

[package.dependencies]
Django = ">=2.2"

[[package]]
name = "django-sekizai"
version = "2.0.0"
description = "Django Sekizai"
category = "main"
optional = false
python-versions = "*"

[package.dependencies]
django = ">=2.2"
django-classy-tags = ">=1"

[[package]]
name = "django-treebeard"
version = "4.5.1"
description = "Efficient tree implementations for Django"
category = "main"
optional = false
python-versions = ">=3.6"

[package.dependencies]
Django = ">=2.2"

[[package]]
name = "djangocms-admin-style"
version = "2.0.2"
description = "Adds pretty CSS styles for the django CMS admin interface."
category = "main"
optional = false
python-versions = "*"

[[package]]
name = "pytz"
version = "2021.3"
description = "World timezone definitions, modern and historical"
category = "main"
optional = false
python-versions = "*"

[[package]]
name = "south"
version = "1.0.2"
description = "South: Migrations for Django"
category = "main"
optional = false
python-versions = "*"

[[package]]
name = "sqlparse"
version = "0.4.2"
description = "A non-validating SQL parser."
category = "main"
optional = false
python-versions = ">=3.5"

[metadata]
lock-version = "1.1"
python-versions = "^3.8"
content-hash = "388c91d7bbfaf05758b08186526ce9ef2a145d9d811a75065d815d244814df02"

[metadata.files]
asgiref = [
    {file = "asgiref-3.4.1-py3-none-any.whl", hash = "sha256:ffc141aa908e6f175673e7b1b3b7af4fdb0ecb738fc5c8b88f69f055c2415214"},
    {file = "asgiref-3.4.1.tar.gz", hash = "sha256:4ef1ab46b484e3c706329cedeff284a5d40824200638503f5768edb6de7d58e9"},
]
django = [
    {file = "Django-3.2.8-py3-none-any.whl", hash = "sha256:42573831292029639b798fe4d3812996bfe4ff3275f04566da90764daec011a5"},
    {file = "Django-3.2.8.tar.gz", hash = "sha256:f6d2c4069c9b9bfac03bedff927ea1f9e0d29e34525cec8a68fd28eb2a8df7af"},
]
django-classy-tags = [
    {file = "django-classy-tags-2.0.0.tar.gz", hash = "sha256:d59d98bdf96a764dcf7a2929a86439d023b283a9152492811c7e44fc47555bc9"},
    {file = "django_classy_tags-2.0.0-py3-none-any.whl", hash = "sha256:25eb4f95afee396148683bfb4811b83b3f5729218d73ad0a3399271a6f9fcc49"},
]
django-cms = [
    {file = "django_cms-3.9.0-py2.py3-none-any.whl", hash = "sha256:6feaa6f3b7f225e08f221cf33d6135a1e268e9b781dae4bf916239c3f54e7b27"},
]
django-formtools = [
    {file = "django-formtools-2.3.tar.gz", hash = "sha256:9663b6eca64777b68d6d4142efad8597fe9a685924673b25aa8a1dcff4db00c3"},
    {file = "django_formtools-2.3-py3-none-any.whl", hash = "sha256:4699937e19ee041d803943714fe0c1c7ad4cab802600eb64bbf4cdd0a1bfe7d9"},
]
django-sekizai = [
    {file = "django-sekizai-2.0.0.tar.gz", hash = "sha256:e829f09b0d6bf01ee5cde05de1fb3faf2fbc5df66dc4dc280fbaac224ca4336f"},
    {file = "django_sekizai-2.0.0-py3-none-any.whl", hash = "sha256:5c5e16845d37ce822fc655ce79ec02715191b3d03330b550997bcb842cf24fdf"},
]
django-treebeard = [
    {file = "django-treebeard-4.5.1.tar.gz", hash = "sha256:80150017725239702054e5fa64dc66e383dc13ac262c8d47ee5a82cb005969da"},
    {file = "django_treebeard-4.5.1-py3-none-any.whl", hash = "sha256:7c2b1cdb1e9b46d595825186064a1228bc4d00dbbc186db5b0b9412357fba91c"},
]
djangocms-admin-style = [
    {file = "djangocms-admin-style-2.0.2.tar.gz", hash = "sha256:4381b259b62340127654a51a1eb83af2c9a42b608a36393c731c04712cd37068"},
    {file = "djangocms_admin_style-2.0.2-py3-none-any.whl", hash = "sha256:6661a6c36ce56d18ec8fad05a3e56589417fc0bd0c647eb6d336e7f836999723"},
]
pytz = [
    {file = "pytz-2021.3-py2.py3-none-any.whl", hash = "sha256:3672058bc3453457b622aab7a1c3bfd5ab0bdae451512f6cf25f64ed37f5b87c"},
    {file = "pytz-2021.3.tar.gz", hash = "sha256:acad2d8b20a1af07d4e4c9d2e9285c5ed9104354062f275f3fcd88dcef4f1326"},
]
south = [
    {file = "South-1.0.2.tar.gz", hash = "sha256:d360bd31898f9df59f6faa786551065bba45b35e7ee3c39b381b4fbfef7392f4"},
]
sqlparse = [
    {file = "sqlparse-0.4.2-py3-none-any.whl", hash = "sha256:48719e356bb8b42991bdbb1e8b83223757b93789c00910a616a071910ca4a64d"},
    {file = "sqlparse-0.4.2.tar.gz", hash = "sha256:0c00730c74263a94e5a9919ade150dfc3b19c574389985446148402998287dae"},
]
